
Microsoft Visual Studio Solution File, Format Version 12.00
# Visual Studio Version 16
VisualStudioVersion = 16.0.32228.343
MinimumVisualStudioVersion = 10.0.40219.1
Project("{FAE04EC0-301F-11D3-BF4B-00C04F79EFBC}") = "CleaningRotaAPI", "CleaningRotaAPI.csproj", "{E0232F0C-B7EC-4270-BB0B-64C721B6B1C4}"
EndProject
Project("{FAE04EC0-301F-11D3-BF4B-00C04F79EFBC}") = "Logic", "..\Logic\Logic.csproj", "{F305E0CA-A234-4FD5-8FBD-BEDB43B74500}"
EndProject
Project("{2150E333-8FDC-42A3-9474-1A3956D46DE8}") = "Solution Items", "Solution Items", "{AC434F23-48EA-44AB-B165-76347011B91F}"
	ProjectSection(SolutionItems) = preProject
		TextFile1.txt = TextFile1.txt
	EndProjectSection
EndProject
Global
	GlobalSection(SolutionConfigurationPlatforms) = preSolution
		Debug|Any CPU = Debug|Any CPU
		Release|Any CPU = Release|Any CPU
	EndGlobalSection
	GlobalSection(ProjectConfigurationPlatforms) = postSolution
		{E0232F0C-B7EC-4270-BB0B-64C721B6B1C4}.Debug|Any CPU.ActiveCfg = Debug|Any CPU
		{E0232F0C-B7EC-4270-BB0B-64C721B6B1C4}.Debug|Any CPU.Build.0 = Debug|Any CPU
		{E0232F0C-B7EC-4270-BB0B-64C721B6B1C4}.Release|Any CPU.ActiveCfg = Release|Any CPU
		{E0232F0C-B7EC-4270-BB0B-64C721B6B1C4}.Release|Any CPU.Build.0 = Release|Any CPU
		{F305E0CA-A234-4FD5-8FBD-BEDB43B74500}.Debug|Any CPU.ActiveCfg = Debug|Any CPU
		{F305E0CA-A234-4FD5-8FBD-BEDB43B74500}.Debug|Any CPU.Build.0 = Debug|Any CPU
		{F305E0CA-A234-4FD5-8FBD-BEDB43B74500}.Release|Any CPU.ActiveCfg = Release|Any CPU
		{F305E0CA-A234-4FD5-8FBD-BEDB43B74500}.Release|Any CPU.Build.0 = Release|Any CPU
	EndGlobalSection
	GlobalSection(SolutionProperties) = preSolution
		HideSolutionNode = FALSE
	EndGlobalSection
	GlobalSection(ExtensibilityGlobals) = postSolution
		SolutionGuid = {5C7460FD-7507-4A56-8175-6BB3DA103C62}
	EndGlobalSection
EndGlobal
